{
  "name": "tts-demo",
  "lockfileVersion": 3,
  "requires": true,
  "packages": {
    "": {
      "name": "tts-demo",
      "dependencies": {
        "@aiola/web-sdk-tts": "1.0.1"
      }
    },
    "node_modules/@aiola/web-sdk-tts": {
      "version": "1.0.1",
      "resolved": "https://registry.npmjs.org/@aiola/web-sdk-tts/-/web-sdk-tts-1.0.1.tgz",
      "integrity": "sha512-0i0P9WE4izhV188g4AGTQt79qOQiZ971N4CMW4taLAylWoDhPrqCV43pPN5fYG1Vy4PzY/V5mpQAy4N54K4lGg==",
      "license": "MIT"
    }
  }
}
