{
  "name": "tts-demo",
  "lockfileVersion": 3,
  "requires": true,
  "packages": {
    "": {
      "name": "tts-demo",
      "dependencies": {
        "@aiola/web-sdk-tts": "0.1.0"
      }
    },
    "node_modules/@aiola/web-sdk-tts": {
      "version": "0.1.0",
      "resolved": "https://aiola.jfrog.io/artifactory/api/npm/npm/@aiola/web-sdk-tts/-/@aiola/web-sdk-tts-0.1.0.tgz",
      "integrity": "sha512-Tute9Kdk2E2WSPeX0dGYV+Ra8E52SDVDBrujqNGJrHON9Qd/VbWWgbp9yflt9CBCrnvmYXblZQlW8A4vk5y6Ng==",
      "license": "MIT"
    }
  }
}
